
Microsoft Visual Studio Solution File, Format Version 12.00
# Visual Studio Version 16
VisualStudioVersion = 16.0.29613.14
MinimumVisualStudioVersion = 10.0.40219.1
Project("{9A19103F-16F7-4668-BE54-9A1E7A4F7556}") = "PluginsScanner", "PluginsScanner\PluginsScanner.csproj", "{330B1708-C1D8-46DD-9E70-9A783B8C955C}"
EndProject
Global
	GlobalSection(SolutionConfigurationPlatforms) = preSolution
		Debug|Any CPU = Debug|Any CPU
		Release|Any CPU = Release|Any CPU
	EndGlobalSection
	GlobalSection(ProjectConfigurationPlatforms) = postSolution
		{330B1708-C1D8-46DD-9E70-9A783B8C955C}.Debug|Any CPU.ActiveCfg = Debug|Any CPU
		{330B1708-C1D8-46DD-9E70-9A783B8C955C}.Debug|Any CPU.Build.0 = Debug|Any CPU
		{330B1708-C1D8-46DD-9E70-9A783B8C955C}.Release|Any CPU.ActiveCfg = Release|Any CPU
		{330B1708-C1D8-46DD-9E70-9A783B8C955C}.Release|Any CPU.Build.0 = Release|Any CPU
	EndGlobalSection
	GlobalSection(SolutionProperties) = preSolution
		HideSolutionNode = FALSE
	EndGlobalSection
	GlobalSection(ExtensibilityGlobals) = postSolution
		SolutionGuid = {535E8D8D-DD02-47B9-BFF5-2FAABD795E70}
	EndGlobalSection
EndGlobal
